Microsoft Visual Studio Solution File, Format Version 12.00
# Visual Studio Version 17
VisualStudioVersion = 17.5.2.0
MinimumVisualStudioVersion = 10.0.40219.1
Project("{FAE04EC0-301F-11D3-BF4B-00C04F79EFBC}") = "utln", "utln.csproj", "{F019521F-028C-2491-BDAE-742FF0472218}"
EndProject
Global
	GlobalSection(SolutionConfigurationPlatforms) = preSolution
		Debug|Any CPU = Debug|Any CPU
		Release|Any CPU = Release|Any CPU
	EndGlobalSection
	GlobalSection(ProjectConfigurationPlatforms) = postSolution
		{F019521F-028C-2491-BDAE-742FF0472218}.Debug|Any CPU.ActiveCfg = Debug|Any CPU
		{F019521F-028C-2491-BDAE-742FF0472218}.Debug|Any CPU.Build.0 = Debug|Any CPU
		{F019521F-028C-2491-BDAE-742FF0472218}.Release|Any CPU.ActiveCfg = Release|Any CPU
		{F019521F-028C-2491-BDAE-742FF0472218}.Release|Any CPU.Build.0 = Release|Any CPU
	EndGlobalSection
	GlobalSection(SolutionProperties) = preSolution
		HideSolutionNode = FALSE
	EndGlobalSection
	GlobalSection(ExtensibilityGlobals) = postSolution
		SolutionGuid = {4F8A6F60-6064-42BA-A56A-12360CF766E4}
	EndGlobalSection
EndGlobal
