Microsoft Visual Studio Solution File, Format Version 12.00
# Visual Studio Version 17
VisualStudioVersion = 17.5.2.0
MinimumVisualStudioVersion = 10.0.40219.1
Project("{FAE04EC0-301F-11D3-BF4B-00C04F79EFBC}") = "tamgiac", "tamgiac.csproj", "{420A1562-23C9-915A-9AC2-7A718B338DD6}"
EndProject
Global
	GlobalSection(SolutionConfigurationPlatforms) = preSolution
		Debug|Any CPU = Debug|Any CPU
		Release|Any CPU = Release|Any CPU
	EndGlobalSection
	GlobalSection(ProjectConfigurationPlatforms) = postSolution
		{420A1562-23C9-915A-9AC2-7A718B338DD6}.Debug|Any CPU.ActiveCfg = Debug|Any CPU
		{420A1562-23C9-915A-9AC2-7A718B338DD6}.Debug|Any CPU.Build.0 = Debug|Any CPU
		{420A1562-23C9-915A-9AC2-7A718B338DD6}.Release|Any CPU.ActiveCfg = Release|Any CPU
		{420A1562-23C9-915A-9AC2-7A718B338DD6}.Release|Any CPU.Build.0 = Release|Any CPU
	EndGlobalSection
	GlobalSection(SolutionProperties) = preSolution
		HideSolutionNode = FALSE
	EndGlobalSection
	GlobalSection(ExtensibilityGlobals) = postSolution
		SolutionGuid = {5499F413-DF7D-45E7-BFAC-2671C446177E}
	EndGlobalSection
EndGlobal
