Microsoft Visual Studio Solution File, Format Version 12.00
# Visual Studio Version 17
VisualStudioVersion = 17.5.2.0
MinimumVisualStudioVersion = 10.0.40219.1
Project("{FAE04EC0-301F-11D3-BF4B-00C04F79EFBC}") = "findArray", "findArray.csproj", "{271E3090-23DF-ED18-68B2-E9E33D9D94B4}"
EndProject
Global
	GlobalSection(SolutionConfigurationPlatforms) = preSolution
		Debug|Any CPU = Debug|Any CPU
		Release|Any CPU = Release|Any CPU
	EndGlobalSection
	GlobalSection(ProjectConfigurationPlatforms) = postSolution
		{271E3090-23DF-ED18-68B2-E9E33D9D94B4}.Debug|Any CPU.ActiveCfg = Debug|Any CPU
		{271E3090-23DF-ED18-68B2-E9E33D9D94B4}.Debug|Any CPU.Build.0 = Debug|Any CPU
		{271E3090-23DF-ED18-68B2-E9E33D9D94B4}.Release|Any CPU.ActiveCfg = Release|Any CPU
		{271E3090-23DF-ED18-68B2-E9E33D9D94B4}.Release|Any CPU.Build.0 = Release|Any CPU
	EndGlobalSection
	GlobalSection(SolutionProperties) = preSolution
		HideSolutionNode = FALSE
	EndGlobalSection
	GlobalSection(ExtensibilityGlobals) = postSolution
		SolutionGuid = {C3B90350-9439-455F-A601-DAEAC2B6E0C8}
	EndGlobalSection
EndGlobal
