Microsoft Visual Studio Solution File, Format Version 12.00
# Visual Studio Version 17
VisualStudioVersion = 17.5.2.0
MinimumVisualStudioVersion = 10.0.40219.1
Project("{FAE04EC0-301F-11D3-BF4B-00C04F79EFBC}") = "insertArray", "insertArray.csproj", "{416F5E76-1C2F-A19A-3FF1-D0063321C432}"
EndProject
Global
	GlobalSection(SolutionConfigurationPlatforms) = preSolution
		Debug|Any CPU = Debug|Any CPU
		Release|Any CPU = Release|Any CPU
	EndGlobalSection
	GlobalSection(ProjectConfigurationPlatforms) = postSolution
		{416F5E76-1C2F-A19A-3FF1-D0063321C432}.Debug|Any CPU.ActiveCfg = Debug|Any CPU
		{416F5E76-1C2F-A19A-3FF1-D0063321C432}.Debug|Any CPU.Build.0 = Debug|Any CPU
		{416F5E76-1C2F-A19A-3FF1-D0063321C432}.Release|Any CPU.ActiveCfg = Release|Any CPU
		{416F5E76-1C2F-A19A-3FF1-D0063321C432}.Release|Any CPU.Build.0 = Release|Any CPU
	EndGlobalSection
	GlobalSection(SolutionProperties) = preSolution
		HideSolutionNode = FALSE
	EndGlobalSection
	GlobalSection(ExtensibilityGlobals) = postSolution
		SolutionGuid = {22CDB1DD-3897-43CA-A594-712BE86362F2}
	EndGlobalSection
EndGlobal
