Microsoft Visual Studio Solution File, Format Version 12.00
# Visual Studio Version 17
VisualStudioVersion = 17.5.2.0
MinimumVisualStudioVersion = 10.0.40219.1
Project("{FAE04EC0-301F-11D3-BF4B-00C04F79EFBC}") = "bai4", "bai4.csproj", "{4E916074-B513-E748-8A4C-7524E55ABA12}"
EndProject
Global
	GlobalSection(SolutionConfigurationPlatforms) = preSolution
		Debug|Any CPU = Debug|Any CPU
		Release|Any CPU = Release|Any CPU
	EndGlobalSection
	GlobalSection(ProjectConfigurationPlatforms) = postSolution
		{4E916074-B513-E748-8A4C-7524E55ABA12}.Debug|Any CPU.ActiveCfg = Debug|Any CPU
		{4E916074-B513-E748-8A4C-7524E55ABA12}.Debug|Any CPU.Build.0 = Debug|Any CPU
		{4E916074-B513-E748-8A4C-7524E55ABA12}.Release|Any CPU.ActiveCfg = Release|Any CPU
		{4E916074-B513-E748-8A4C-7524E55ABA12}.Release|Any CPU.Build.0 = Release|Any CPU
	EndGlobalSection
	GlobalSection(SolutionProperties) = preSolution
		HideSolutionNode = FALSE
	EndGlobalSection
	GlobalSection(ExtensibilityGlobals) = postSolution
		SolutionGuid = {740C9568-4443-40FC-BE96-6162CF8A097E}
	EndGlobalSection
EndGlobal
