Microsoft Visual Studio Solution File, Format Version 12.00
# Visual Studio Version 17
VisualStudioVersion = 17.5.2.0
MinimumVisualStudioVersion = 10.0.40219.1
Project("{FAE04EC0-301F-11D3-BF4B-00C04F79EFBC}") = "ExampleCicleArea", "ExampleCicleArea.csproj", "{C06E8F34-CCA5-9F3A-FD25-22FE46CF65F6}"
EndProject
Global
	GlobalSection(SolutionConfigurationPlatforms) = preSolution
		Debug|Any CPU = Debug|Any CPU
		Release|Any CPU = Release|Any CPU
	EndGlobalSection
	GlobalSection(ProjectConfigurationPlatforms) = postSolution
		{C06E8F34-CCA5-9F3A-FD25-22FE46CF65F6}.Debug|Any CPU.ActiveCfg = Debug|Any CPU
		{C06E8F34-CCA5-9F3A-FD25-22FE46CF65F6}.Debug|Any CPU.Build.0 = Debug|Any CPU
		{C06E8F34-CCA5-9F3A-FD25-22FE46CF65F6}.Release|Any CPU.ActiveCfg = Release|Any CPU
		{C06E8F34-CCA5-9F3A-FD25-22FE46CF65F6}.Release|Any CPU.Build.0 = Release|Any CPU
	EndGlobalSection
	GlobalSection(SolutionProperties) = preSolution
		HideSolutionNode = FALSE
	EndGlobalSection
	GlobalSection(ExtensibilityGlobals) = postSolution
		SolutionGuid = {441C253C-F1AE-4723-92E1-2BC0D0619150}
	EndGlobalSection
EndGlobal
