Microsoft Visual Studio Solution File, Format Version 12.00
# Visual Studio Version 17
VisualStudioVersion = 17.5.2.0
MinimumVisualStudioVersion = 10.0.40219.1
Project("{FAE04EC0-301F-11D3-BF4B-00C04F79EFBC}") = "ExamplePrimeRange", "ExamplePrimeRange.csproj", "{6EE36CA8-7D0C-E5EE-DEE2-C96DD620282D}"
EndProject
Global
	GlobalSection(SolutionConfigurationPlatforms) = preSolution
		Debug|Any CPU = Debug|Any CPU
		Release|Any CPU = Release|Any CPU
	EndGlobalSection
	GlobalSection(ProjectConfigurationPlatforms) = postSolution
		{6EE36CA8-7D0C-E5EE-DEE2-C96DD620282D}.Debug|Any CPU.ActiveCfg = Debug|Any CPU
		{6EE36CA8-7D0C-E5EE-DEE2-C96DD620282D}.Debug|Any CPU.Build.0 = Debug|Any CPU
		{6EE36CA8-7D0C-E5EE-DEE2-C96DD620282D}.Release|Any CPU.ActiveCfg = Release|Any CPU
		{6EE36CA8-7D0C-E5EE-DEE2-C96DD620282D}.Release|Any CPU.Build.0 = Release|Any CPU
	EndGlobalSection
	GlobalSection(SolutionProperties) = preSolution
		HideSolutionNode = FALSE
	EndGlobalSection
	GlobalSection(ExtensibilityGlobals) = postSolution
		SolutionGuid = {77503910-094B-4BF5-BE26-E139CABCC972}
	EndGlobalSection
EndGlobal
